
Microsoft Visual Studio Solution File, Format Version 12.00
# Visual Studio Version 17
VisualStudioVersion = 17.4.33205.214
MinimumVisualStudioVersion = 10.0.40219.1
Project("{FAE04EC0-301F-11D3-BF4B-00C04F79EFBC}") = "Notepade", "Notepade\Notepade.csproj", "{B9864FC9-E75A-4E0C-AF85-A0D21DFF4762}"
EndProject
Global
	GlobalSection(SolutionConfigurationPlatforms) = preSolution
		Debug|Any CPU = Debug|Any CPU
		Release|Any CPU = Release|Any CPU
	EndGlobalSection
	GlobalSection(ProjectConfigurationPlatforms) = postSolution
		{B9864FC9-E75A-4E0C-AF85-A0D21DFF4762}.Debug|Any CPU.ActiveCfg = Debug|Any CPU
		{B9864FC9-E75A-4E0C-AF85-A0D21DFF4762}.Debug|Any CPU.Build.0 = Debug|Any CPU
		{B9864FC9-E75A-4E0C-AF85-A0D21DFF4762}.Release|Any CPU.ActiveCfg = Release|Any CPU
		{B9864FC9-E75A-4E0C-AF85-A0D21DFF4762}.Release|Any CPU.Build.0 = Release|Any CPU
	EndGlobalSection
	GlobalSection(SolutionProperties) = preSolution
		HideSolutionNode = FALSE
	EndGlobalSection
	GlobalSection(ExtensibilityGlobals) = postSolution
		SolutionGuid = {6AFC19FF-4DFA-463F-8ACE-C9055CB032C0}
	EndGlobalSection
EndGlobal
